// !$*UTF8*$!
{
	archiveVersion = 1;
	classes = {
	};
	objectVersion = 55;
	objects = {

/* Begin PBXBuildFile section */
		485A97D1D83BF5CFA42FAED6 /* Pods_Blamarket.framework in Frameworks */ = {isa = PBXBuildFile; fileRef = B89B6BA28B76A07840E2E545 /* Pods_Blamarket.framework */; };
		9B10603928DC337200CB9A60 /* TitleTextFieldCellViewModel.swift in Sources */ = {isa = PBXBuildFile; fileRef = 9B10603728DC337200CB9A60 /* TitleTextFieldCellViewModel.swift */; };
		9B10603A28DC337200CB9A60 /* TitleTextFieldCell.swift in Sources */ = {isa = PBXBuildFile; fileRef = 9B10603828DC337200CB9A60 /* TitleTextFieldCell.swift */; };
		9B10603E28DC33AF00CB9A60 /* PriceTextFieldCell.swift in Sources */ = {isa = PBXBuildFile; fileRef = 9B10603C28DC33AF00CB9A60 /* PriceTextFieldCell.swift */; };
		9B10603F28DC33AF00CB9A60 /* PriceTextFieldCellViewModel.swift in Sources */ = {isa = PBXBuildFile; fileRef = 9B10603D28DC33AF00CB9A60 /* PriceTextFieldCellViewModel.swift */; };
		9B10604328DC33F900CB9A60 /* DetailWriteFormCell.swift in Sources */ = {isa = PBXBuildFile; fileRef = 9B10604128DC33F900CB9A60 /* DetailWriteFormCell.swift */; };
		9B10604428DC33F900CB9A60 /* DetailWriteFormCellViewModel.swift in Sources */ = {isa = PBXBuildFile; fileRef = 9B10604228DC33F900CB9A60 /* DetailWriteFormCellViewModel.swift */; };
		9B10604828DC346800CB9A60 /* CategoryViewModel.swift in Sources */ = {isa = PBXBuildFile; fileRef = 9B10604628DC346800CB9A60 /* CategoryViewModel.swift */; };
		9B10604928DC346800CB9A60 /* CategoryListViewController.swift in Sources */ = {isa = PBXBuildFile; fileRef = 9B10604728DC346800CB9A60 /* CategoryListViewController.swift */; };
		9B10604C28DC34FE00CB9A60 /* RegisterItemModel.swift in Sources */ = {isa = PBXBuildFile; fileRef = 9B10604B28DC34FE00CB9A60 /* RegisterItemModel.swift */; };
		9B10604E28DC394C00CB9A60 /* Category.swift in Sources */ = {isa = PBXBuildFile; fileRef = 9B10604D28DC394C00CB9A60 /* Category.swift */; };
		9B10605128DC45CD00CB9A60 /* RxUITextViewDelegateProxy.swift in Sources */ = {isa = PBXBuildFile; fileRef = 9B10605028DC45CD00CB9A60 /* RxUITextViewDelegateProxy.swift */; };
		9B10605328DC472600CB9A60 /* Reactive + .swift in Sources */ = {isa = PBXBuildFile; fileRef = 9B10605228DC472600CB9A60 /* Reactive + .swift */; };
		9B12F7B328D82A3C00207003 /* RegistItemViewController.swift in Sources */ = {isa = PBXBuildFile; fileRef = 9B12F7B228D82A3C00207003 /* RegistItemViewController.swift */; };
		9B12F7B528D82A4B00207003 /* RegistItemViewModel.swift in Sources */ = {isa = PBXBuildFile; fileRef = 9B12F7B428D82A4B00207003 /* RegistItemViewModel.swift */; };
		9B12F7B728D8393200207003 /* ItemImageCollecteionViewCell.swift in Sources */ = {isa = PBXBuildFile; fileRef = 9B12F7B628D8393200207003 /* ItemImageCollecteionViewCell.swift */; };
		9B24BE8A28E3D8D600EB26BB /* PostModel.swift in Sources */ = {isa = PBXBuildFile; fileRef = 9B24BE8928E3D8D600EB26BB /* PostModel.swift */; };
		9B2A269F28F6A4150041B96D /* KeychinManager.swift in Sources */ = {isa = PBXBuildFile; fileRef = 9B2A269E28F6A4150041B96D /* KeychinManager.swift */; };
		9B2A26A128F6A5280041B96D /* LogManager.swift in Sources */ = {isa = PBXBuildFile; fileRef = 9B2A26A028F6A5280041B96D /* LogManager.swift */; };
		9B39D13528FF7D73009F4267 /* CommonToolbar.swift in Sources */ = {isa = PBXBuildFile; fileRef = 9B39D13428FF7D73009F4267 /* CommonToolbar.swift */; };
		9B39D14328FFB78F009F4267 /* ChatListViewController.swift in Sources */ = {isa = PBXBuildFile; fileRef = 9B39D14228FFB78F009F4267 /* ChatListViewController.swift */; };
		9B39D14528FFB79F009F4267 /* ChatListViewModel.swift in Sources */ = {isa = PBXBuildFile; fileRef = 9B39D14428FFB79F009F4267 /* ChatListViewModel.swift */; };
		9B39D14728FFB7AB009F4267 /* UserInfoViewController.swift in Sources */ = {isa = PBXBuildFile; fileRef = 9B39D14628FFB7AB009F4267 /* UserInfoViewController.swift */; };
		9B39D14928FFB7B7009F4267 /* UserInfoViewModel.swift in Sources */ = {isa = PBXBuildFile; fileRef = 9B39D14828FFB7B7009F4267 /* UserInfoViewModel.swift */; };
		9B39D15028FFBB27009F4267 /* 011-user.png in Resources */ = {isa = PBXBuildFile; fileRef = 9B39D14F28FFBB27009F4267 /* 011-user.png */; };
		9B39D15228FFBB2F009F4267 /* 047-house.png in Resources */ = {isa = PBXBuildFile; fileRef = 9B39D15128FFBB2F009F4267 /* 047-house.png */; };
		9B39D15428FFBB39009F4267 /* 098-message.png in Resources */ = {isa = PBXBuildFile; fileRef = 9B39D15328FFBB39009F4267 /* 098-message.png */; };
		9B39D15628FFC140009F4267 /* UIImage + .swift in Sources */ = {isa = PBXBuildFile; fileRef = 9B39D15528FFC140009F4267 /* UIImage + .swift */; };
		9B3B723428E2CCD600A76984 /* PostEndPoint.swift in Sources */ = {isa = PBXBuildFile; fileRef = 9B3B723328E2CCD600A76984 /* PostEndPoint.swift */; };
		9B4DE6D6291251E9005CD231 /* PhotoSliderView.swift in Sources */ = {isa = PBXBuildFile; fileRef = 9B4DE6D5291251E9005CD231 /* PhotoSliderView.swift */; };
		9B4DE6D8291251FE005CD231 /* PhotoSliderView.xib in Resources */ = {isa = PBXBuildFile; fileRef = 9B4DE6D7291251FE005CD231 /* PhotoSliderView.xib */; };
		9B5E43DE28D2EE020020908F /* Data+.swift in Sources */ = {isa = PBXBuildFile; fileRef = 9B5E43DD28D2EE020020908F /* Data+.swift */; };
		9B5E43E128D31C850020908F /* PostCell.swift in Sources */ = {isa = PBXBuildFile; fileRef = 9B5E43E028D31C850020908F /* PostCell.swift */; };
		9B5EF32028B6FE83006D0AB8 /* NetworkProviderImpl.swift in Sources */ = {isa = PBXBuildFile; fileRef = 9B5EF31F28B6FE83006D0AB8 /* NetworkProviderImpl.swift */; };
		9B68908428AF13D1001C109E /* PasswordResetViewController.swift in Sources */ = {isa = PBXBuildFile; fileRef = 9B68908328AF13D1001C109E /* PasswordResetViewController.swift */; };
		9B68908628AF13EC001C109E /* PasswordResetViewModel.swift in Sources */ = {isa = PBXBuildFile; fileRef = 9B68908528AF13EC001C109E /* PasswordResetViewModel.swift */; };
		9B6AFBDE28FD372A0024597B /* MainTableViewCell.swift in Sources */ = {isa = PBXBuildFile; fileRef = 9B6AFBDC28FD372A0024597B /* MainTableViewCell.swift */; };
		9B6AFBDF28FD372A0024597B /* MainTableViewCell.xib in Resources */ = {isa = PBXBuildFile; fileRef = 9B6AFBDD28FD372A0024597B /* MainTableViewCell.xib */; };
		9B6AFBE328FD3F0F0024597B /* BoardEntity.swift in Sources */ = {isa = PBXBuildFile; fileRef = 9B6AFBE228FD3F0F0024597B /* BoardEntity.swift */; };
		9B6B3CE128D069FE00F79D57 /* RegisterModel.swift in Sources */ = {isa = PBXBuildFile; fileRef = 9B6B3CE028D069FE00F79D57 /* RegisterModel.swift */; };
		9B6CF9BC28AF262E007FC2AD /* UserConst.swift in Sources */ = {isa = PBXBuildFile; fileRef = 9B6CF9BB28AF262E007FC2AD /* UserConst.swift */; };
		9B6CF9BF28AF2907007FC2AD /* RegistViewController.swift in Sources */ = {isa = PBXBuildFile; fileRef = 9B6CF9BE28AF2907007FC2AD /* RegistViewController.swift */; };
		9B6CF9C128AF2918007FC2AD /* RegistViewModel.swift in Sources */ = {isa = PBXBuildFile; fileRef = 9B6CF9C028AF2918007FC2AD /* RegistViewModel.swift */; };
		9B725DD628B49C2C002F8BA3 /* LoginViewController.swift in Sources */ = {isa = PBXBuildFile; fileRef = 9B8DB24828ACA15600E14443 /* LoginViewController.swift */; };
		9B74AFB12900D7AA00864950 /* PostConst.swift in Sources */ = {isa = PBXBuildFile; fileRef = 9B74AFB02900D7AA00864950 /* PostConst.swift */; };
		9B77FE2C28B5AD19000CF701 /* NetworkError.swift in Sources */ = {isa = PBXBuildFile; fileRef = 9B77FE2B28B5AD19000CF701 /* NetworkError.swift */; };
		9B77FE3028B5AF2F000CF701 /* Requestable.swift in Sources */ = {isa = PBXBuildFile; fileRef = 9B77FE2F28B5AF2F000CF701 /* Requestable.swift */; };
		9B77FE3328B5B121000CF701 /* Encodable +.swift in Sources */ = {isa = PBXBuildFile; fileRef = 9B77FE3228B5B121000CF701 /* Encodable +.swift */; };
		9B77FE3528B5B543000CF701 /* Responsable.swift in Sources */ = {isa = PBXBuildFile; fileRef = 9B77FE3428B5B543000CF701 /* Responsable.swift */; };
		9B77FE3728B5B6E3000CF701 /* HttpMethod.swift in Sources */ = {isa = PBXBuildFile; fileRef = 9B77FE3628B5B6E3000CF701 /* HttpMethod.swift */; };
		9B77FE3B28B5B834000CF701 /* Provider.swift in Sources */ = {isa = PBXBuildFile; fileRef = 9B77FE3A28B5B834000CF701 /* Provider.swift */; };
		9B77FE3D28B5BEA5000CF701 /* Sessionable.swift in Sources */ = {isa = PBXBuildFile; fileRef = 9B77FE3C28B5BEA5000CF701 /* Sessionable.swift */; };
		9B77FE4028B5C4BA000CF701 /* UserNetworkEntitiy.swift in Sources */ = {isa = PBXBuildFile; fileRef = 9B77FE3F28B5C4BA000CF701 /* UserNetworkEntitiy.swift */; };
		9B77FE4228B5F83B000CF701 /* UserEndPoint.swift in Sources */ = {isa = PBXBuildFile; fileRef = 9B77FE4128B5F83B000CF701 /* UserEndPoint.swift */; };
		9B77FE4528B5FF76000CF701 /* LoginModel.swift in Sources */ = {isa = PBXBuildFile; fileRef = 9B77FE4428B5FF76000CF701 /* LoginModel.swift */; };
		9B77FE4828B616F9000CF701 /* MainViewController.swift in Sources */ = {isa = PBXBuildFile; fileRef = 9B77FE4728B616F9000CF701 /* MainViewController.swift */; };
		9B77FE4A28B617A3000CF701 /* MainViewModel.swift in Sources */ = {isa = PBXBuildFile; fileRef = 9B77FE4928B617A3000CF701 /* MainViewModel.swift */; };
		9B8677602910EEBE00C1F8F6 /* FilterPostsViewController.swift in Sources */ = {isa = PBXBuildFile; fileRef = 9B86775F2910EEBE00C1F8F6 /* FilterPostsViewController.swift */; };
		9B8677622910EECB00C1F8F6 /* FilterPostsViewModel.swift in Sources */ = {isa = PBXBuildFile; fileRef = 9B8677612910EECB00C1F8F6 /* FilterPostsViewModel.swift */; };
		9B8677662911080200C1F8F6 /* PostDetailViewController.swift in Sources */ = {isa = PBXBuildFile; fileRef = 9B8677652911080200C1F8F6 /* PostDetailViewController.swift */; };
		9B86776C29110D1800C1F8F6 /* PostDetailViewModel.swift in Sources */ = {isa = PBXBuildFile; fileRef = 9B86776B29110D1800C1F8F6 /* PostDetailViewModel.swift */; };
		9B86776E29110D4C00C1F8F6 /* PostDetailModel.swift in Sources */ = {isa = PBXBuildFile; fileRef = 9B86776D29110D4C00C1F8F6 /* PostDetailModel.swift */; };
		9B8DB22928ACA03000E14443 /* AppDelegate.swift in Sources */ = {isa = PBXBuildFile; fileRef = 9B8DB22828ACA03000E14443 /* AppDelegate.swift */; };
		9B8DB22B28ACA03000E14443 /* SceneDelegate.swift in Sources */ = {isa = PBXBuildFile; fileRef = 9B8DB22A28ACA03000E14443 /* SceneDelegate.swift */; };
		9B8DB23328ACA03000E14443 /* Blamarket.xcdatamodeld in Sources */ = {isa = PBXBuildFile; fileRef = 9B8DB23128ACA03000E14443 /* Blamarket.xcdatamodeld */; };
		9B8DB23528ACA03100E14443 /* Assets.xcassets in Resources */ = {isa = PBXBuildFile; fileRef = 9B8DB23428ACA03100E14443 /* Assets.xcassets */; };
		9B8DB23828ACA03100E14443 /* LaunchScreen.storyboard in Resources */ = {isa = PBXBuildFile; fileRef = 9B8DB23628ACA03100E14443 /* LaunchScreen.storyboard */; };
		9B8DB24B28ACA45000E14443 /* LoginVIewModel.swift in Sources */ = {isa = PBXBuildFile; fileRef = 9B8DB24A28ACA45000E14443 /* LoginVIewModel.swift */; };
		9B9ADA9A2907CC9D00014765 /* CoreDataStorage.swift in Sources */ = {isa = PBXBuildFile; fileRef = 9B9ADA992907CC9D00014765 /* CoreDataStorage.swift */; };
		9B9ADA9C2907CF2600014765 /* SerchRecode.swift in Sources */ = {isa = PBXBuildFile; fileRef = 9B9ADA9B2907CF2600014765 /* SerchRecode.swift */; };
		9BAA7186290A1D310052506C /* SearchTableViewCell.swift in Sources */ = {isa = PBXBuildFile; fileRef = 9BAA7184290A1D310052506C /* SearchTableViewCell.swift */; };
		9BAA7187290A1D310052506C /* SearchTableViewCell.xib in Resources */ = {isa = PBXBuildFile; fileRef = 9BAA7185290A1D310052506C /* SearchTableViewCell.xib */; };
		9BE2006028BF19C700866D73 /* EmailAuthViewController.swift in Sources */ = {isa = PBXBuildFile; fileRef = 9BE2005F28BF19C700866D73 /* EmailAuthViewController.swift */; };
		9BE2006228BF19D800866D73 /* EmailAuthViewModel.swift in Sources */ = {isa = PBXBuildFile; fileRef = 9BE2006128BF19D800866D73 /* EmailAuthViewModel.swift */; };
		9BE2006828BF261C00866D73 /* UIViewController+.swift in Sources */ = {isa = PBXBuildFile; fileRef = 9BE2006728BF261C00866D73 /* UIViewController+.swift */; };
		9BE2006A28BF359300866D73 /* UIButton +.swift in Sources */ = {isa = PBXBuildFile; fileRef = 9BE2006928BF359300866D73 /* UIButton +.swift */; };
		9BE2006C28BF4AD000866D73 /* String+.swift in Sources */ = {isa = PBXBuildFile; fileRef = 9BE2006B28BF4AD000866D73 /* String+.swift */; };
		9BF418372902298C00F35963 /* SearchPostsViewController.swift in Sources */ = {isa = PBXBuildFile; fileRef = 9BF418362902298C00F35963 /* SearchPostsViewController.swift */; };
		9BF418392902299900F35963 /* SearchPostsViewModel.swift in Sources */ = {isa = PBXBuildFile; fileRef = 9BF418382902299900F35963 /* SearchPostsViewModel.swift */; };
		9BF4183C290231B200F35963 /* CategorySelectViewController.swift in Sources */ = {isa = PBXBuildFile; fileRef = 9BF4183B290231B200F35963 /* CategorySelectViewController.swift */; };
		9BF4183F290231C700F35963 /* CategorySelectViewModel.swift in Sources */ = {isa = PBXBuildFile; fileRef = 9BF4183E290231C700F35963 /* CategorySelectViewModel.swift */; };
		9BF4184329064ED900F35963 /* CategoryCollectionViewCell.swift in Sources */ = {isa = PBXBuildFile; fileRef = 9BF4184129064ED900F35963 /* CategoryCollectionViewCell.swift */; };
		9BF4184429064ED900F35963 /* CategoryCollectionViewCell.xib in Resources */ = {isa = PBXBuildFile; fileRef = 9BF4184229064ED900F35963 /* CategoryCollectionViewCell.xib */; };
		9BF4184829065B2400F35963 /* game.png in Resources */ = {isa = PBXBuildFile; fileRef = 9BF4184729065B2400F35963 /* game.png */; };
		9BF4184A29065B3B00F35963 /* child.png in Resources */ = {isa = PBXBuildFile; fileRef = 9BF4184929065B3B00F35963 /* child.png */; };
		9BF4185429065B8900F35963 /* home.png in Resources */ = {isa = PBXBuildFile; fileRef = 9BF4184C29065B8900F35963 /* home.png */; };
		9BF4185629065B8900F35963 /* health.png in Resources */ = {isa = PBXBuildFile; fileRef = 9BF4184E29065B8900F35963 /* health.png */; };
		9BF4185729065B8900F35963 /* beauty.png in Resources */ = {isa = PBXBuildFile; fileRef = 9BF4184F29065B8900F35963 /* beauty.png */; };
		9BF4185829065B8900F35963 /* womanClothing.png in Resources */ = {isa = PBXBuildFile; fileRef = 9BF4185029065B8900F35963 /* womanClothing.png */; };
		9BF4185929065B8900F35963 /* manClothing.png in Resources */ = {isa = PBXBuildFile; fileRef = 9BF4185129065B8900F35963 /* manClothing.png */; };
		9BF4185A29065B8900F35963 /* digital.png in Resources */ = {isa = PBXBuildFile; fileRef = 9BF4185229065B8900F35963 /* digital.png */; };
		9BF4185C29065FA600F35963 /* etc.png in Resources */ = {isa = PBXBuildFile; fileRef = 9BF4185B29065FA600F35963 /* etc.png */; };
		9BF4185E29065FB100F35963 /* food.png in Resources */ = {isa = PBXBuildFile; fileRef = 9BF4185D29065FB100F35963 /* food.png */; };
		9BF4186029065FBF00F35963 /* life.png in Resources */ = {isa = PBXBuildFile; fileRef = 9BF4185F29065FBF00F35963 /* life.png */; };
		9BF418622906612900F35963 /* books.png in Resources */ = {isa = PBXBuildFile; fileRef = 9BF418612906612900F35963 /* books.png */; };
/* End PBXBuildFile section */

/* Begin PBXFileReference section */
		7EDAE8D42BFCC845F142E9F9 /* Pods-Blamarket.debug.xcconfig */ = {isa = PBXFileReference; includeInIndex = 1; lastKnownFileType = text.xcconfig; name = "Pods-Blamarket.debug.xcconfig"; path = "Target Support Files/Pods-Blamarket/Pods-Blamarket.debug.xcconfig"; sourceTree = "<group>"; };
		9B10603728DC337200CB9A60 /* TitleTextFieldCellViewModel.swift */ = {isa = PBXFileReference; fileEncoding = 4; lastKnownFileType = sourcecode.swift; path = TitleTextFieldCellViewModel.swift; sourceTree = "<group>"; };
		9B10603828DC337200CB9A60 /* TitleTextFieldCell.swift */ = {isa = PBXFileReference; fileEncoding = 4; lastKnownFileType = sourcecode.swift; path = TitleTextFieldCell.swift; sourceTree = "<group>"; };
		9B10603C28DC33AF00CB9A60 /* PriceTextFieldCell.swift */ = {isa = PBXFileReference; fileEncoding = 4; lastKnownFileType = sourcecode.swift; path = PriceTextFieldCell.swift; sourceTree = "<group>"; };
		9B10603D28DC33AF00CB9A60 /* PriceTextFieldCellViewModel.swift */ = {isa = PBXFileReference; fileEncoding = 4; lastKnownFileType = sourcecode.swift; path = PriceTextFieldCellViewModel.swift; sourceTree = "<group>"; };
		9B10604128DC33F900CB9A60 /* DetailWriteFormCell.swift */ = {isa = PBXFileReference; fileEncoding = 4; lastKnownFileType = sourcecode.swift; path = DetailWriteFormCell.swift; sourceTree = "<group>"; };
		9B10604228DC33F900CB9A60 /* DetailWriteFormCellViewModel.swift */ = {isa = PBXFileReference; fileEncoding = 4; lastKnownFileType = sourcecode.swift; path = DetailWriteFormCellViewModel.swift; sourceTree = "<group>"; };
		9B10604628DC346800CB9A60 /* CategoryViewModel.swift */ = {isa = PBXFileReference; fileEncoding = 4; lastKnownFileType = sourcecode.swift; path = CategoryViewModel.swift; sourceTree = "<group>"; };
		9B10604728DC346800CB9A60 /* CategoryListViewController.swift */ = {isa = PBXFileReference; fileEncoding = 4; lastKnownFileType = sourcecode.swift; path = CategoryListViewController.swift; sourceTree = "<group>"; };
		9B10604B28DC34FE00CB9A60 /* RegisterItemModel.swift */ = {isa = PBXFileReference; lastKnownFileType = sourcecode.swift; path = RegisterItemModel.swift; sourceTree = "<group>"; };
		9B10604D28DC394C00CB9A60 /* Category.swift */ = {isa = PBXFileReference; fileEncoding = 4; lastKnownFileType = sourcecode.swift; path = Category.swift; sourceTree = "<group>"; };
		9B10605028DC45CD00CB9A60 /* RxUITextViewDelegateProxy.swift */ = {isa = PBXFileReference; lastKnownFileType = sourcecode.swift; path = RxUITextViewDelegateProxy.swift; sourceTree = "<group>"; };
		9B10605228DC472600CB9A60 /* Reactive + .swift */ = {isa = PBXFileReference; lastKnownFileType = sourcecode.swift; path = "Reactive + .swift"; sourceTree = "<group>"; };
		9B12F7B228D82A3C00207003 /* RegistItemViewController.swift */ = {isa = PBXFileReference; lastKnownFileType = sourcecode.swift; path = RegistItemViewController.swift; sourceTree = "<group>"; };
		9B12F7B428D82A4B00207003 /* RegistItemViewModel.swift */ = {isa = PBXFileReference; lastKnownFileType = sourcecode.swift; path = RegistItemViewModel.swift; sourceTree = "<group>"; };
		9B12F7B628D8393200207003 /* ItemImageCollecteionViewCell.swift */ = {isa = PBXFileReference; lastKnownFileType = sourcecode.swift; path = ItemImageCollecteionViewCell.swift; sourceTree = "<group>"; };
		9B24BE8928E3D8D600EB26BB /* PostModel.swift */ = {isa = PBXFileReference; lastKnownFileType = sourcecode.swift; path = PostModel.swift; sourceTree = "<group>"; };
		9B2A269E28F6A4150041B96D /* KeychinManager.swift */ = {isa = PBXFileReference; lastKnownFileType = sourcecode.swift; path = KeychinManager.swift; sourceTree = "<group>"; };
		9B2A26A028F6A5280041B96D /* LogManager.swift */ = {isa = PBXFileReference; lastKnownFileType = sourcecode.swift; path = LogManager.swift; sourceTree = "<group>"; };
		9B39D13428FF7D73009F4267 /* CommonToolbar.swift */ = {isa = PBXFileReference; lastKnownFileType = sourcecode.swift; path = CommonToolbar.swift; sourceTree = "<group>"; };
		9B39D14228FFB78F009F4267 /* ChatListViewController.swift */ = {isa = PBXFileReference; lastKnownFileType = sourcecode.swift; path = ChatListViewController.swift; sourceTree = "<group>"; };
		9B39D14428FFB79F009F4267 /* ChatListViewModel.swift */ = {isa = PBXFileReference; lastKnownFileType = sourcecode.swift; path = ChatListViewModel.swift; sourceTree = "<group>"; };
		9B39D14628FFB7AB009F4267 /* UserInfoViewController.swift */ = {isa = PBXFileReference; lastKnownFileType = sourcecode.swift; path = UserInfoViewController.swift; sourceTree = "<group>"; };
		9B39D14828FFB7B7009F4267 /* UserInfoViewModel.swift */ = {isa = PBXFileReference; lastKnownFileType = sourcecode.swift; path = UserInfoViewModel.swift; sourceTree = "<group>"; };
		9B39D14F28FFBB27009F4267 /* 011-user.png */ = {isa = PBXFileReference; lastKnownFileType = image.png; path = "011-user.png"; sourceTree = "<group>"; };
		9B39D15128FFBB2F009F4267 /* 047-house.png */ = {isa = PBXFileReference; lastKnownFileType = image.png; path = "047-house.png"; sourceTree = "<group>"; };
		9B39D15328FFBB39009F4267 /* 098-message.png */ = {isa = PBXFileReference; lastKnownFileType = image.png; path = "098-message.png"; sourceTree = "<group>"; };
		9B39D15528FFC140009F4267 /* UIImage + .swift */ = {isa = PBXFileReference; lastKnownFileType = sourcecode.swift; path = "UIImage + .swift"; sourceTree = "<group>"; };
		9B3B723328E2CCD600A76984 /* PostEndPoint.swift */ = {isa = PBXFileReference; lastKnownFileType = sourcecode.swift; path = PostEndPoint.swift; sourceTree = "<group>"; };
		9B4DE6D5291251E9005CD231 /* PhotoSliderView.swift */ = {isa = PBXFileReference; lastKnownFileType = sourcecode.swift; path = PhotoSliderView.swift; sourceTree = "<group>"; };
		9B4DE6D7291251FE005CD231 /* PhotoSliderView.xib */ = {isa = PBXFileReference; lastKnownFileType = file.xib; path = PhotoSliderView.xib; sourceTree = "<group>"; };
		9B5E43DD28D2EE020020908F /* Data+.swift */ = {isa = PBXFileReference; lastKnownFileType = sourcecode.swift; path = "Data+.swift"; sourceTree = "<group>"; };
		9B5E43E028D31C850020908F /* PostCell.swift */ = {isa = PBXFileReference; lastKnownFileType = sourcecode.swift; path = PostCell.swift; sourceTree = "<group>"; };
		9B5EF31F28B6FE83006D0AB8 /* NetworkProviderImpl.swift */ = {isa = PBXFileReference; lastKnownFileType = sourcecode.swift; path = NetworkProviderImpl.swift; sourceTree = "<group>"; };
		9B68908328AF13D1001C109E /* PasswordResetViewController.swift */ = {isa = PBXFileReference; lastKnownFileType = sourcecode.swift; path = PasswordResetViewController.swift; sourceTree = "<group>"; };
		9B68908528AF13EC001C109E /* PasswordResetViewModel.swift */ = {isa = PBXFileReference; lastKnownFileType = sourcecode.swift; path = PasswordResetViewModel.swift; sourceTree = "<group>"; };
		9B6AFBDC28FD372A0024597B /* MainTableViewCell.swift */ = {isa = PBXFileReference; lastKnownFileType = sourcecode.swift; path = MainTableViewCell.swift; sourceTree = "<group>"; };
		9B6AFBDD28FD372A0024597B /* MainTableViewCell.xib */ = {isa = PBXFileReference; lastKnownFileType = file.xib; path = MainTableViewCell.xib; sourceTree = "<group>"; };
		9B6AFBE228FD3F0F0024597B /* BoardEntity.swift */ = {isa = PBXFileReference; lastKnownFileType = sourcecode.swift; path = BoardEntity.swift; sourceTree = "<group>"; };
		9B6B3CE028D069FE00F79D57 /* RegisterModel.swift */ = {isa = PBXFileReference; lastKnownFileType = sourcecode.swift; path = RegisterModel.swift; sourceTree = "<group>"; };
		9B6CF9BB28AF262E007FC2AD /* UserConst.swift */ = {isa = PBXFileReference; lastKnownFileType = sourcecode.swift; path = UserConst.swift; sourceTree = "<group>"; };
		9B6CF9BE28AF2907007FC2AD /* RegistViewController.swift */ = {isa = PBXFileReference; lastKnownFileType = sourcecode.swift; path = RegistViewController.swift; sourceTree = "<group>"; };
		9B6CF9C028AF2918007FC2AD /* RegistViewModel.swift */ = {isa = PBXFileReference; lastKnownFileType = sourcecode.swift; path = RegistViewModel.swift; sourceTree = "<group>"; };
		9B74AFB02900D7AA00864950 /* PostConst.swift */ = {isa = PBXFileReference; lastKnownFileType = sourcecode.swift; path = PostConst.swift; sourceTree = "<group>"; };
		9B77FE2B28B5AD19000CF701 /* NetworkError.swift */ = {isa = PBXFileReference; lastKnownFileType = sourcecode.swift; path = NetworkError.swift; sourceTree = "<group>"; };
		9B77FE2F28B5AF2F000CF701 /* Requestable.swift */ = {isa = PBXFileReference; lastKnownFileType = sourcecode.swift; path = Requestable.swift; sourceTree = "<group>"; };
		9B77FE3228B5B121000CF701 /* Encodable +.swift */ = {isa = PBXFileReference; lastKnownFileType = sourcecode.swift; path = "Encodable +.swift"; sourceTree = "<group>"; };
		9B77FE3428B5B543000CF701 /* Responsable.swift */ = {isa = PBXFileReference; lastKnownFileType = sourcecode.swift; path = Responsable.swift; sourceTree = "<group>"; };
		9B77FE3628B5B6E3000CF701 /* HttpMethod.swift */ = {isa = PBXFileReference; lastKnownFileType = sourcecode.swift; path = HttpMethod.swift; sourceTree = "<group>"; };
		9B77FE3A28B5B834000CF701 /* Provider.swift */ = {isa = PBXFileReference; lastKnownFileType = sourcecode.swift; path = Provider.swift; sourceTree = "<group>"; };
		9B77FE3C28B5BEA5000CF701 /* Sessionable.swift */ = {isa = PBXFileReference; lastKnownFileType = sourcecode.swift; path = Sessionable.swift; sourceTree = "<group>"; };
		9B77FE3F28B5C4BA000CF701 /* UserNetworkEntitiy.swift */ = {isa = PBXFileReference; lastKnownFileType = sourcecode.swift; path = UserNetworkEntitiy.swift; sourceTree = "<group>"; };
		9B77FE4128B5F83B000CF701 /* UserEndPoint.swift */ = {isa = PBXFileReference; lastKnownFileType = sourcecode.swift; path = UserEndPoint.swift; sourceTree = "<group>"; };
		9B77FE4428B5FF76000CF701 /* LoginModel.swift */ = {isa = PBXFileReference; lastKnownFileType = sourcecode.swift; path = LoginModel.swift; sourceTree = "<group>"; };
		9B77FE4728B616F9000CF701 /* MainViewController.swift */ = {isa = PBXFileReference; lastKnownFileType = sourcecode.swift; path = MainViewController.swift; sourceTree = "<group>"; };
		9B77FE4928B617A3000CF701 /* MainViewModel.swift */ = {isa = PBXFileReference; lastKnownFileType = sourcecode.swift; path = MainViewModel.swift; sourceTree = "<group>"; };
		9B86775F2910EEBE00C1F8F6 /* FilterPostsViewController.swift */ = {isa = PBXFileReference; lastKnownFileType = sourcecode.swift; path = FilterPostsViewController.swift; sourceTree = "<group>"; };
		9B8677612910EECB00C1F8F6 /* FilterPostsViewModel.swift */ = {isa = PBXFileReference; lastKnownFileType = sourcecode.swift; path = FilterPostsViewModel.swift; sourceTree = "<group>"; };
		9B8677652911080200C1F8F6 /* PostDetailViewController.swift */ = {isa = PBXFileReference; lastKnownFileType = sourcecode.swift; path = PostDetailViewController.swift; sourceTree = "<group>"; };
		9B86776B29110D1800C1F8F6 /* PostDetailViewModel.swift */ = {isa = PBXFileReference; lastKnownFileType = sourcecode.swift; path = PostDetailViewModel.swift; sourceTree = "<group>"; };
		9B86776D29110D4C00C1F8F6 /* PostDetailModel.swift */ = {isa = PBXFileReference; lastKnownFileType = sourcecode.swift; path = PostDetailModel.swift; sourceTree = "<group>"; };
		9B8DB22528ACA03000E14443 /* Blamarket.app */ = {isa = PBXFileReference; explicitFileType = wrapper.application; includeInIndex = 0; path = Blamarket.app; sourceTree = BUILT_PRODUCTS_DIR; };
		9B8DB22828ACA03000E14443 /* AppDelegate.swift */ = {isa = PBXFileReference; lastKnownFileType = sourcecode.swift; path = AppDelegate.swift; sourceTree = "<group>"; };
		9B8DB22A28ACA03000E14443 /* SceneDelegate.swift */ = {isa = PBXFileReference; lastKnownFileType = sourcecode.swift; path = SceneDelegate.swift; sourceTree = "<group>"; };
		9B8DB23228ACA03000E14443 /* Blamarket.xcdatamodel */ = {isa = PBXFileReference; lastKnownFileType = wrapper.xcdatamodel; path = Blamarket.xcdatamodel; sourceTree = "<group>"; };
		9B8DB23428ACA03100E14443 /* Assets.xcassets */ = {isa = PBXFileReference; lastKnownFileType = folder.assetcatalog; path = Assets.xcassets; sourceTree = "<group>"; };
		9B8DB23728ACA03100E14443 /* Base */ = {isa = PBXFileReference; lastKnownFileType = file.storyboard; name = Base; path = Base.lproj/LaunchScreen.storyboard; sourceTree = "<group>"; };
		9B8DB23928ACA03100E14443 /* Info.plist */ = {isa = PBXFileReference; lastKnownFileType = text.plist.xml; path = Info.plist; sourceTree = "<group>"; };
		9B8DB24828ACA15600E14443 /* LoginViewController.swift */ = {isa = PBXFileReference; lastKnownFileType = sourcecode.swift; path = LoginViewController.swift; sourceTree = "<group>"; };
		9B8DB24A28ACA45000E14443 /* LoginVIewModel.swift */ = {isa = PBXFileReference; lastKnownFileType = sourcecode.swift; path = LoginVIewModel.swift; sourceTree = "<group>"; };
		9B9ADA992907CC9D00014765 /* CoreDataStorage.swift */ = {isa = PBXFileReference; lastKnownFileType = sourcecode.swift; path = CoreDataStorage.swift; sourceTree = "<group>"; };
		9B9ADA9B2907CF2600014765 /* SerchRecode.swift */ = {isa = PBXFileReference; lastKnownFileType = sourcecode.swift; path = SerchRecode.swift; sourceTree = "<group>"; };
		9BAA7184290A1D310052506C /* SearchTableViewCell.swift */ = {isa = PBXFileReference; lastKnownFileType = sourcecode.swift; path = SearchTableViewCell.swift; sourceTree = "<group>"; };
		9BAA7185290A1D310052506C /* SearchTableViewCell.xib */ = {isa = PBXFileReference; lastKnownFileType = file.xib; path = SearchTableViewCell.xib; sourceTree = "<group>"; };
		9BE2005F28BF19C700866D73 /* EmailAuthViewController.swift */ = {isa = PBXFileReference; lastKnownFileType = sourcecode.swift; path = EmailAuthViewController.swift; sourceTree = "<group>"; };
		9BE2006128BF19D800866D73 /* EmailAuthViewModel.swift */ = {isa = PBXFileReference; lastKnownFileType = sourcecode.swift; path = EmailAuthViewModel.swift; sourceTree = "<group>"; };
		9BE2006728BF261C00866D73 /* UIViewController+.swift */ = {isa = PBXFileReference; lastKnownFileType = sourcecode.swift; path = "UIViewController+.swift"; sourceTree = "<group>"; };
		9BE2006928BF359300866D73 /* UIButton +.swift */ = {isa = PBXFileReference; lastKnownFileType = sourcecode.swift; path = "UIButton +.swift"; sourceTree = "<group>"; };
		9BE2006B28BF4AD000866D73 /* String+.swift */ = {isa = PBXFileReference; lastKnownFileType = sourcecode.swift; path = "String+.swift"; sourceTree = "<group>"; };
		9BF418362902298C00F35963 /* SearchPostsViewController.swift */ = {isa = PBXFileReference; lastKnownFileType = sourcecode.swift; path = SearchPostsViewController.swift; sourceTree = "<group>"; };
		9BF418382902299900F35963 /* SearchPostsViewModel.swift */ = {isa = PBXFileReference; lastKnownFileType = sourcecode.swift; path = SearchPostsViewModel.swift; sourceTree = "<group>"; };
		9BF4183B290231B200F35963 /* CategorySelectViewController.swift */ = {isa = PBXFileReference; lastKnownFileType = sourcecode.swift; path = CategorySelectViewController.swift; sourceTree = "<group>"; };
		9BF4183E290231C700F35963 /* CategorySelectViewModel.swift */ = {isa = PBXFileReference; lastKnownFileType = sourcecode.swift; path = CategorySelectViewModel.swift; sourceTree = "<group>"; };
		9BF4184129064ED900F35963 /* CategoryCollectionViewCell.swift */ = {isa = PBXFileReference; lastKnownFileType = sourcecode.swift; path = CategoryCollectionViewCell.swift; sourceTree = "<group>"; };
		9BF4184229064ED900F35963 /* CategoryCollectionViewCell.xib */ = {isa = PBXFileReference; lastKnownFileType = file.xib; path = CategoryCollectionViewCell.xib; sourceTree = "<group>"; };
		9BF4184729065B2400F35963 /* game.png */ = {isa = PBXFileReference; lastKnownFileType = image.png; path = game.png; sourceTree = "<group>"; };
		9BF4184929065B3B00F35963 /* child.png */ = {isa = PBXFileReference; lastKnownFileType = image.png; path = child.png; sourceTree = "<group>"; };
		9BF4184C29065B8900F35963 /* home.png */ = {isa = PBXFileReference; lastKnownFileType = image.png; path = home.png; sourceTree = "<group>"; };
		9BF4184E29065B8900F35963 /* health.png */ = {isa = PBXFileReference; lastKnownFileType = image.png; path = health.png; sourceTree = "<group>"; };
		9BF4184F29065B8900F35963 /* beauty.png */ = {isa = PBXFileReference; lastKnownFileType = image.png; path = beauty.png; sourceTree = "<group>"; };
		9BF4185029065B8900F35963 /* womanClothing.png */ = {isa = PBXFileReference; lastKnownFileType = image.png; path = womanClothing.png; sourceTree = "<group>"; };
		9BF4185129065B8900F35963 /* manClothing.png */ = {isa = PBXFileReference; lastKnownFileType = image.png; path = manClothing.png; sourceTree = "<group>"; };
		9BF4185229065B8900F35963 /* digital.png */ = {isa = PBXFileReference; lastKnownFileType = image.png; path = digital.png; sourceTree = "<group>"; };
		9BF4185B29065FA600F35963 /* etc.png */ = {isa = PBXFileReference; lastKnownFileType = image.png; path = etc.png; sourceTree = "<group>"; };
		9BF4185D29065FB100F35963 /* food.png */ = {isa = PBXFileReference; lastKnownFileType = image.png; path = food.png; sourceTree = "<group>"; };
		9BF4185F29065FBF00F35963 /* life.png */ = {isa = PBXFileReference; lastKnownFileType = image.png; path = life.png; sourceTree = "<group>"; };
		9BF418612906612900F35963 /* books.png */ = {isa = PBXFileReference; lastKnownFileType = image.png; path = books.png; sourceTree = "<group>"; };
		B89B6BA28B76A07840E2E545 /* Pods_Blamarket.framework */ = {isa = PBXFileReference; explicitFileType = wrapper.framework; includeInIndex = 0; path = Pods_Blamarket.framework; sourceTree = BUILT_PRODUCTS_DIR; };
		BF2D6162959F0CE278F1BCC0 /* Pods-Blamarket.release.xcconfig */ = {isa = PBXFileReference; includeInIndex = 1; lastKnownFileType = text.xcconfig; name = "Pods-Blamarket.release.xcconfig"; path = "Target Support Files/Pods-Blamarket/Pods-Blamarket.release.xcconfig"; sourceTree = "<group>"; };
/* End PBXFileReference section */

/* Begin PBXFrameworksBuildPhase section */
		9B8DB22228ACA03000E14443 /* Frameworks */ = {
			isa = PBXFrameworksBuildPhase;
			buildActionMask = 2147483647;
			files = (
				485A97D1D83BF5CFA42FAED6 /* Pods_Blamarket.framework in Frameworks */,
			);
			runOnlyForDeploymentPostprocessing = 0;
		};
/* End PBXFrameworksBuildPhase section */

/* Begin PBXGroup section */
		51719F7932C75580D4131C9B /* Pods */ = {
			isa = PBXGroup;
			children = (
				7EDAE8D42BFCC845F142E9F9 /* Pods-Blamarket.debug.xcconfig */,
				BF2D6162959F0CE278F1BCC0 /* Pods-Blamarket.release.xcconfig */,
			);
			path = Pods;
			sourceTree = "<group>";
		};
		9B0A7B9728ACE6DA00EA95FB /* Network */ = {
			isa = PBXGroup;
			children = (
				9B77FE3828B5B7A7000CF701 /* Provider */,
				9B77FE2E28B5AE86000CF701 /* Endpoint */,
				9B77FE2D28B5AE7E000CF701 /* Common */,
			);
			path = Network;
			sourceTree = "<group>";
		};
		9B1047D328F941E700760E08 /* goodsList */ = {
			isa = PBXGroup;
			children = (
			);
			path = goodsList;
			sourceTree = "<group>";
		};
		9B1047D628F947C600760E08 /* ToolbarView */ = {
			isa = PBXGroup;
			children = (
				9B39D13428FF7D73009F4267 /* CommonToolbar.swift */,
			);
			path = ToolbarView;
			sourceTree = "<group>";
		};
		9B10603628DC32DE00CB9A60 /* TitleTextFeildCell */ = {
			isa = PBXGroup;
			children = (
				9B10603828DC337200CB9A60 /* TitleTextFieldCell.swift */,
				9B10603728DC337200CB9A60 /* TitleTextFieldCellViewModel.swift */,
			);
			path = TitleTextFeildCell;
			sourceTree = "<group>";
		};
		9B10603B28DC337900CB9A60 /* PriceTextFiledCell */ = {
			isa = PBXGroup;
			children = (
				9B10603C28DC33AF00CB9A60 /* PriceTextFieldCell.swift */,
				9B10603D28DC33AF00CB9A60 /* PriceTextFieldCellViewModel.swift */,
			);
			path = PriceTextFiledCell;
			sourceTree = "<group>";
		};
		9B10604028DC33BF00CB9A60 /* DetailWriteFormCell */ = {
			isa = PBXGroup;
			children = (
				9B10604128DC33F900CB9A60 /* DetailWriteFormCell.swift */,
				9B10604228DC33F900CB9A60 /* DetailWriteFormCellViewModel.swift */,
			);
			path = DetailWriteFormCell;
			sourceTree = "<group>";
		};
		9B10604528DC344A00CB9A60 /* CategoryViewController */ = {
			isa = PBXGroup;
			children = (
				9B10604728DC346800CB9A60 /* CategoryListViewController.swift */,
				9B10604628DC346800CB9A60 /* CategoryViewModel.swift */,
			);
			path = CategoryViewController;
			sourceTree = "<group>";
		};
		9B10604F28DC45AA00CB9A60 /* DelegateProxy */ = {
			isa = PBXGroup;
			children = (
				9B10605028DC45CD00CB9A60 /* RxUITextViewDelegateProxy.swift */,
			);
			path = DelegateProxy;
			sourceTree = "<group>";
		};
		9B12F7B128D82A2100207003 /* RegistItemScene */ = {
			isa = PBXGroup;
			children = (
				9B10604528DC344A00CB9A60 /* CategoryViewController */,
				9B10604028DC33BF00CB9A60 /* DetailWriteFormCell */,
				9B10603B28DC337900CB9A60 /* PriceTextFiledCell */,
				9B10603628DC32DE00CB9A60 /* TitleTextFeildCell */,
				9B12F7B228D82A3C00207003 /* RegistItemViewController.swift */,
				9B12F7B428D82A4B00207003 /* RegistItemViewModel.swift */,
				9B12F7B628D8393200207003 /* ItemImageCollecteionViewCell.swift */,
				9B10604B28DC34FE00CB9A60 /* RegisterItemModel.swift */,
			);
			path = RegistItemScene;
			sourceTree = "<group>";
		};
		9B1B192CB9DB3906DB96D25A /* Frameworks */ = {
			isa = PBXGroup;
			children = (
				B89B6BA28B76A07840E2E545 /* Pods_Blamarket.framework */,
			);
			name = Frameworks;
			sourceTree = "<group>";
		};
		9B2A269C28F6A4010041B96D /* Manager */ = {
			isa = PBXGroup;
			children = (
				9B2A269E28F6A4150041B96D /* KeychinManager.swift */,
				9B2A26A028F6A5280041B96D /* LogManager.swift */,
			);
			path = Manager;
			sourceTree = "<group>";
		};
		9B39D14028FFB760009F4267 /* ChatScene */ = {
			isa = PBXGroup;
			children = (
				9B39D14228FFB78F009F4267 /* ChatListViewController.swift */,
				9B39D14428FFB79F009F4267 /* ChatListViewModel.swift */,
			);
			path = ChatScene;
			sourceTree = "<group>";
		};
		9B39D14128FFB76C009F4267 /* UserInfoScene */ = {
			isa = PBXGroup;
			children = (
				9B39D14628FFB7AB009F4267 /* UserInfoViewController.swift */,
				9B39D14828FFB7B7009F4267 /* UserInfoViewModel.swift */,
			);
			path = UserInfoScene;
			sourceTree = "<group>";
		};
		9B39D14A28FFBA92009F4267 /* icons */ = {
			isa = PBXGroup;
			children = (
				9BF4184629065B0A00F35963 /* categoryIcons */,
				9B39D14F28FFBB27009F4267 /* 011-user.png */,
				9B39D15128FFBB2F009F4267 /* 047-house.png */,
				9B39D15328FFBB39009F4267 /* 098-message.png */,
			);
			path = icons;
			sourceTree = "<group>";
		};
		9B4DE6D4291251A2005CD231 /* PhotoSlideView */ = {
			isa = PBXGroup;
			children = (
				9B4DE6D5291251E9005CD231 /* PhotoSliderView.swift */,
				9B4DE6D7291251FE005CD231 /* PhotoSliderView.xib */,
			);
			path = PhotoSlideView;
			sourceTree = "<group>";
		};
		9B5E43DF28D31C670020908F /* PostsScene */ = {
			isa = PBXGroup;
			children = (
				9B5E43E028D31C850020908F /* PostCell.swift */,
			);
			path = PostsScene;
			sourceTree = "<group>";
		};
		9B68908228AF1103001C109E /* PasswordReset */ = {
			isa = PBXGroup;
			children = (
				9B68908328AF13D1001C109E /* PasswordResetViewController.swift */,
				9B68908528AF13EC001C109E /* PasswordResetViewModel.swift */,
			);
			path = PasswordReset;
			sourceTree = "<group>";
		};
		9B6CF9BA28AF2539007FC2AD /* Constants */ = {
			isa = PBXGroup;
			children = (
				9B6CF9BB28AF262E007FC2AD /* UserConst.swift */,
				9B74AFB02900D7AA00864950 /* PostConst.swift */,
			);
			path = Constants;
			sourceTree = "<group>";
		};
		9B6CF9BD28AF28EE007FC2AD /* RegistScene */ = {
			isa = PBXGroup;
			children = (
				9BE2006328BF19DD00866D73 /* EmailAuthScene */,
				9BE2006428BF19F700866D73 /* Register */,
			);
			path = RegistScene;
			sourceTree = "<group>";
		};
		9B725DD128B46D7A002F8BA3 /* Resources */ = {
			isa = PBXGroup;
			children = (
				9B39D14A28FFBA92009F4267 /* icons */,
			);
			path = Resources;
			sourceTree = "<group>";
		};
		9B77FE2D28B5AE7E000CF701 /* Common */ = {
			isa = PBXGroup;
			children = (
				9B77FE2B28B5AD19000CF701 /* NetworkError.swift */,
				9B77FE3628B5B6E3000CF701 /* HttpMethod.swift */,
			);
			path = Common;
			sourceTree = "<group>";
		};
		9B77FE2E28B5AE86000CF701 /* Endpoint */ = {
			isa = PBXGroup;
			children = (
				9B77FE2F28B5AF2F000CF701 /* Requestable.swift */,
				9B77FE3428B5B543000CF701 /* Responsable.swift */,
				9B77FE4128B5F83B000CF701 /* UserEndPoint.swift */,
				9B3B723328E2CCD600A76984 /* PostEndPoint.swift */,
			);
			path = Endpoint;
			sourceTree = "<group>";
		};
		9B77FE3128B5B114000CF701 /* Extension */ = {
			isa = PBXGroup;
			children = (
				9B77FE3228B5B121000CF701 /* Encodable +.swift */,
				9BE2006728BF261C00866D73 /* UIViewController+.swift */,
				9BE2006928BF359300866D73 /* UIButton +.swift */,
				9BE2006B28BF4AD000866D73 /* String+.swift */,
				9B5E43DD28D2EE020020908F /* Data+.swift */,
				9B10605228DC472600CB9A60 /* Reactive + .swift */,
				9B39D15528FFC140009F4267 /* UIImage + .swift */,
			);
			path = Extension;
			sourceTree = "<group>";
		};
		9B77FE3828B5B7A7000CF701 /* Provider */ = {
			isa = PBXGroup;
			children = (
				9B77FE3A28B5B834000CF701 /* Provider.swift */,
				9B77FE3C28B5BEA5000CF701 /* Sessionable.swift */,
				9B5EF31F28B6FE83006D0AB8 /* NetworkProviderImpl.swift */,
			);
			path = Provider;
			sourceTree = "<group>";
		};
		9B77FE3E28B5C469000CF701 /* Entities */ = {
			isa = PBXGroup;
			children = (
				9B10604D28DC394C00CB9A60 /* Category.swift */,
				9B77FE3F28B5C4BA000CF701 /* UserNetworkEntitiy.swift */,
				9B6AFBE228FD3F0F0024597B /* BoardEntity.swift */,
				9B9ADA9B2907CF2600014765 /* SerchRecode.swift */,
			);
			path = Entities;
			sourceTree = "<group>";
		};
		9B77FE4328B5FF5E000CF701 /* Model */ = {
			isa = PBXGroup;
			children = (
				9B77FE4428B5FF76000CF701 /* LoginModel.swift */,
				9B24BE8928E3D8D600EB26BB /* PostModel.swift */,
				9B86776D29110D4C00C1F8F6 /* PostDetailModel.swift */,
			);
			path = Model;
			sourceTree = "<group>";
		};
		9B77FE4628B616E1000CF701 /* MainScene */ = {
			isa = PBXGroup;
			children = (
				9B1047D328F941E700760E08 /* goodsList */,
				9B77FE4728B616F9000CF701 /* MainViewController.swift */,
				9B77FE4928B617A3000CF701 /* MainViewModel.swift */,
				9B6AFBDC28FD372A0024597B /* MainTableViewCell.swift */,
				9B6AFBDD28FD372A0024597B /* MainTableViewCell.xib */,
			);
			path = MainScene;
			sourceTree = "<group>";
		};
		9B86775E2910EE6000C1F8F6 /* FilteringPostScene */ = {
			isa = PBXGroup;
			children = (
				9B86775F2910EEBE00C1F8F6 /* FilterPostsViewController.swift */,
				9B8677612910EECB00C1F8F6 /* FilterPostsViewModel.swift */,
			);
			path = FilteringPostScene;
			sourceTree = "<group>";
		};
		9B8677632911048400C1F8F6 /* PostsDetailScene */ = {
			isa = PBXGroup;
			children = (
				9B4DE6D4291251A2005CD231 /* PhotoSlideView */,
				9B8677652911080200C1F8F6 /* PostDetailViewController.swift */,
				9B86776B29110D1800C1F8F6 /* PostDetailViewModel.swift */,
			);
			path = PostsDetailScene;
			sourceTree = "<group>";
		};
		9B8DB21C28ACA03000E14443 = {
			isa = PBXGroup;
			children = (
				9B8DB22728ACA03000E14443 /* Blamarket */,
				9B8DB22628ACA03000E14443 /* Products */,
				51719F7932C75580D4131C9B /* Pods */,
				9B1B192CB9DB3906DB96D25A /* Frameworks */,
			);
			sourceTree = "<group>";
		};
		9B8DB22628ACA03000E14443 /* Products */ = {
			isa = PBXGroup;
			children = (
				9B8DB22528ACA03000E14443 /* Blamarket.app */,
			);
			name = Products;
			sourceTree = "<group>";
		};
		9B8DB22728ACA03000E14443 /* Blamarket */ = {
			isa = PBXGroup;
			children = (
				9B77FE4328B5FF5E000CF701 /* Model */,
				9B77FE3E28B5C469000CF701 /* Entities */,
				9B0A7B9728ACE6DA00EA95FB /* Network */,
				9B9ADA982907CC2F00014765 /* CoreDataService */,
				9B2A269C28F6A4010041B96D /* Manager */,
				9B8DB22828ACA03000E14443 /* AppDelegate.swift */,
				9B8DB22A28ACA03000E14443 /* SceneDelegate.swift */,
				9B10604F28DC45AA00CB9A60 /* DelegateProxy */,
				9B77FE3128B5B114000CF701 /* Extension */,
				9B725DD128B46D7A002F8BA3 /* Resources */,
				9B6CF9BA28AF2539007FC2AD /* Constants */,
				9B8DB23428ACA03100E14443 /* Assets.xcassets */,
				9B8DB23628ACA03100E14443 /* LaunchScreen.storyboard */,
				9B8DB23928ACA03100E14443 /* Info.plist */,
				9B8DB23128ACA03000E14443 /* Blamarket.xcdatamodeld */,
				9BE2006528BF25D200866D73 /* Scenes */,
			);
			path = Blamarket;
			sourceTree = "<group>";
		};
		9B8DB24C28ACA45A00E14443 /* LoginScene */ = {
			isa = PBXGroup;
			children = (
				9B8DB24828ACA15600E14443 /* LoginViewController.swift */,
				9B8DB24A28ACA45000E14443 /* LoginVIewModel.swift */,
			);
			path = LoginScene;
			sourceTree = "<group>";
		};
		9B9ADA982907CC2F00014765 /* CoreDataService */ = {
			isa = PBXGroup;
			children = (
				9B9ADA992907CC9D00014765 /* CoreDataStorage.swift */,
			);
			path = CoreDataService;
			sourceTree = "<group>";
		};
		9BE2006328BF19DD00866D73 /* EmailAuthScene */ = {
			isa = PBXGroup;
			children = (
				9BE2005F28BF19C700866D73 /* EmailAuthViewController.swift */,
				9BE2006128BF19D800866D73 /* EmailAuthViewModel.swift */,
			);
			path = EmailAuthScene;
			sourceTree = "<group>";
		};
		9BE2006428BF19F700866D73 /* Register */ = {
			isa = PBXGroup;
			children = (
				9B6CF9BE28AF2907007FC2AD /* RegistViewController.swift */,
				9B6CF9C028AF2918007FC2AD /* RegistViewModel.swift */,
				9B6B3CE028D069FE00F79D57 /* RegisterModel.swift */,
			);
			path = Register;
			sourceTree = "<group>";
		};
		9BE2006528BF25D200866D73 /* Scenes */ = {
			isa = PBXGroup;
			children = (
				9B8677632911048400C1F8F6 /* PostsDetailScene */,
				9B86775E2910EE6000C1F8F6 /* FilteringPostScene */,
				9BF4183A2902319E00F35963 /* CategoryScene */,
				9BF418352902297500F35963 /* SearchScene */,
				9B39D14128FFB76C009F4267 /* UserInfoScene */,
				9B39D14028FFB760009F4267 /* ChatScene */,
				9B1047D628F947C600760E08 /* ToolbarView */,
				9B12F7B128D82A2100207003 /* RegistItemScene */,
				9B5E43DF28D31C670020908F /* PostsScene */,
				9B77FE4628B616E1000CF701 /* MainScene */,
				9B6CF9BD28AF28EE007FC2AD /* RegistScene */,
				9B68908228AF1103001C109E /* PasswordReset */,
				9B8DB24C28ACA45A00E14443 /* LoginScene */,
			);
			path = Scenes;
			sourceTree = "<group>";
		};
		9BF418352902297500F35963 /* SearchScene */ = {
			isa = PBXGroup;
			children = (
				9BF418362902298C00F35963 /* SearchPostsViewController.swift */,
				9BF418382902299900F35963 /* SearchPostsViewModel.swift */,
				9BAA7184290A1D310052506C /* SearchTableViewCell.swift */,
				9BAA7185290A1D310052506C /* SearchTableViewCell.xib */,
			);
			path = SearchScene;
			sourceTree = "<group>";
		};
		9BF4183A2902319E00F35963 /* CategoryScene */ = {
			isa = PBXGroup;
			children = (
				9BF4184029064EAF00F35963 /* CategoaryCell */,
				9BF4183B290231B200F35963 /* CategorySelectViewController.swift */,
				9BF4183E290231C700F35963 /* CategorySelectViewModel.swift */,
			);
			path = CategoryScene;
			sourceTree = "<group>";
		};
		9BF4184029064EAF00F35963 /* CategoaryCell */ = {
			isa = PBXGroup;
			children = (
				9BF4184129064ED900F35963 /* CategoryCollectionViewCell.swift */,
				9BF4184229064ED900F35963 /* CategoryCollectionViewCell.xib */,
			);
			path = CategoaryCell;
			sourceTree = "<group>";
		};
		9BF4184629065B0A00F35963 /* categoryIcons */ = {
			isa = PBXGroup;
			children = (
				9BF4185F29065FBF00F35963 /* life.png */,
				9BF4185D29065FB100F35963 /* food.png */,
				9BF418612906612900F35963 /* books.png */,
				9BF4184C29065B8900F35963 /* home.png */,
				9BF4185129065B8900F35963 /* manClothing.png */,
				9BF4185229065B8900F35963 /* digital.png */,
				9BF4184F29065B8900F35963 /* beauty.png */,
				9BF4185029065B8900F35963 /* womanClothing.png */,
				9BF4184E29065B8900F35963 /* health.png */,
				9BF4184729065B2400F35963 /* game.png */,
				9BF4184929065B3B00F35963 /* child.png */,
				9BF4185B29065FA600F35963 /* etc.png */,
			);
			path = categoryIcons;
			sourceTree = "<group>";
		};
/* End PBXGroup section */

/* Begin PBXNativeTarget section */
		9B8DB22428ACA03000E14443 /* Blamarket */ = {
			isa = PBXNativeTarget;
			buildConfigurationList = 9B8DB23C28ACA03100E14443 /* Build configuration list for PBXNativeTarget "Blamarket" */;
			buildPhases = (
				54759CB1CA5E9E808AE16ED7 /* [CP] Check Pods Manifest.lock */,
				9B8DB22128ACA03000E14443 /* Sources */,
				9B8DB22228ACA03000E14443 /* Frameworks */,
				9B8DB22328ACA03000E14443 /* Resources */,
				6601CA3202C0E7D90399ECA1 /* [CP] Embed Pods Frameworks */,
			);
			buildRules = (
			);
			dependencies = (
			);
			name = Blamarket;
			productName = Blamarket;
			productReference = 9B8DB22528ACA03000E14443 /* Blamarket.app */;
			productType = "com.apple.product-type.application";
		};
/* End PBXNativeTarget section */

/* Begin PBXProject section */
		9B8DB21D28ACA03000E14443 /* Project object */ = {
			isa = PBXProject;
			attributes = {
				BuildIndependentTargetsInParallel = 1;
				LastSwiftUpdateCheck = 1340;
				LastUpgradeCheck = 1340;
				TargetAttributes = {
					9B8DB22428ACA03000E14443 = {
						CreatedOnToolsVersion = 13.4.1;
					};
				};
			};
			buildConfigurationList = 9B8DB22028ACA03000E14443 /* Build configuration list for PBXProject "Blamarket" */;
			compatibilityVersion = "Xcode 13.0";
			developmentRegion = en;
			hasScannedForEncodings = 0;
			knownRegions = (
				en,
				Base,
			);
			mainGroup = 9B8DB21C28ACA03000E14443;
			productRefGroup = 9B8DB22628ACA03000E14443 /* Products */;
			projectDirPath = "";
			projectRoot = "";
			targets = (
				9B8DB22428ACA03000E14443 /* Blamarket */,
			);
		};
/* End PBXProject section */

/* Begin PBXResourcesBuildPhase section */
		9B8DB22328ACA03000E14443 /* Resources */ = {
			isa = PBXResourcesBuildPhase;
			buildActionMask = 2147483647;
			files = (
				9BF4184A29065B3B00F35963 /* child.png in Resources */,
				9BF4185729065B8900F35963 /* beauty.png in Resources */,
				9B4DE6D8291251FE005CD231 /* PhotoSliderView.xib in Resources */,
				9BF4185829065B8900F35963 /* womanClothing.png in Resources */,
				9B6AFBDF28FD372A0024597B /* MainTableViewCell.xib in Resources */,
				9BF4185C29065FA600F35963 /* etc.png in Resources */,
				9BF4184429064ED900F35963 /* CategoryCollectionViewCell.xib in Resources */,
				9BF4185929065B8900F35963 /* manClothing.png in Resources */,
				9B39D15228FFBB2F009F4267 /* 047-house.png in Resources */,
				9B39D15028FFBB27009F4267 /* 011-user.png in Resources */,
				9BAA7187290A1D310052506C /* SearchTableViewCell.xib in Resources */,
				9B39D15428FFBB39009F4267 /* 098-message.png in Resources */,
				9BF4186029065FBF00F35963 /* life.png in Resources */,
				9BF4185429065B8900F35963 /* home.png in Resources */,
				9BF4185E29065FB100F35963 /* food.png in Resources */,
				9BF418622906612900F35963 /* books.png in Resources */,
				9BF4184829065B2400F35963 /* game.png in Resources */,
				9BF4185A29065B8900F35963 /* digital.png in Resources */,
				9BF4185629065B8900F35963 /* health.png in Resources */,
				9B8DB23828ACA03100E14443 /* LaunchScreen.storyboard in Resources */,
				9B8DB23528ACA03100E14443 /* Assets.xcassets in Resources */,
			);
			runOnlyForDeploymentPostprocessing = 0;
		};
/* End PBXResourcesBuildPhase section */

/* Begin PBXShellScriptBuildPhase section */
		54759CB1CA5E9E808AE16ED7 /* [CP] Check Pods Manifest.lock */ = {
			isa = PBXShellScriptBuildPhase;
			buildActionMask = 2147483647;
			files = (
			);
			inputFileListPaths = (
			);
			inputPaths = (
				"${PODS_PODFILE_DIR_PATH}/Podfile.lock",
				"${PODS_ROOT}/Manifest.lock",
			);
			name = "[CP] Check Pods Manifest.lock";
			outputFileListPaths = (
			);
			outputPaths = (
				"$(DERIVED_FILE_DIR)/Pods-Blamarket-checkManifestLockResult.txt",
			);
			runOnlyForDeploymentPostprocessing = 0;
			shellPath = /bin/sh;
			shellScript = "diff \"${PODS_PODFILE_DIR_PATH}/Podfile.lock\" \"${PODS_ROOT}/Manifest.lock\" > /dev/null\nif [ $? != 0 ] ; then\n    # print error to STDERR\n    echo \"error: The sandbox is not in sync with the Podfile.lock. Run 'pod install' or update your CocoaPods installation.\" >&2\n    exit 1\nfi\n# This output is used by Xcode 'outputs' to avoid re-running this script phase.\necho \"SUCCESS\" > \"${SCRIPT_OUTPUT_FILE_0}\"\n";
			showEnvVarsInLog = 0;
		};
		6601CA3202C0E7D90399ECA1 /* [CP] Embed Pods Frameworks */ = {
			isa = PBXShellScriptBuildPhase;
			buildActionMask = 2147483647;
			files = (
			);
			inputFileListPaths = (
				"${PODS_ROOT}/Target Support Files/Pods-Blamarket/Pods-Blamarket-frameworks-${CONFIGURATION}-input-files.xcfilelist",
			);
			name = "[CP] Embed Pods Frameworks";
			outputFileListPaths = (
				"${PODS_ROOT}/Target Support Files/Pods-Blamarket/Pods-Blamarket-frameworks-${CONFIGURATION}-output-files.xcfilelist",
			);
			runOnlyForDeploymentPostprocessing = 0;
			shellPath = /bin/sh;
			shellScript = "\"${PODS_ROOT}/Target Support Files/Pods-Blamarket/Pods-Blamarket-frameworks.sh\"\n";
			showEnvVarsInLog = 0;
		};
/* End PBXShellScriptBuildPhase section */

/* Begin PBXSourcesBuildPhase section */
		9B8DB22128ACA03000E14443 /* Sources */ = {
			isa = PBXSourcesBuildPhase;
			buildActionMask = 2147483647;
			files = (
				9B4DE6D6291251E9005CD231 /* PhotoSliderView.swift in Sources */,
				9BF4184329064ED900F35963 /* CategoryCollectionViewCell.swift in Sources */,
				9B77FE4828B616F9000CF701 /* MainViewController.swift in Sources */,
				9B24BE8A28E3D8D600EB26BB /* PostModel.swift in Sources */,
				9BE2006028BF19C700866D73 /* EmailAuthViewController.swift in Sources */,
				9B77FE3528B5B543000CF701 /* Responsable.swift in Sources */,
				9B39D14328FFB78F009F4267 /* ChatListViewController.swift in Sources */,
				9B6CF9BC28AF262E007FC2AD /* UserConst.swift in Sources */,
				9B6CF9BF28AF2907007FC2AD /* RegistViewController.swift in Sources */,
				9B2A26A128F6A5280041B96D /* LogManager.swift in Sources */,
				9B6AFBE328FD3F0F0024597B /* BoardEntity.swift in Sources */,
				9B10605128DC45CD00CB9A60 /* RxUITextViewDelegateProxy.swift in Sources */,
				9B68908428AF13D1001C109E /* PasswordResetViewController.swift in Sources */,
				9B39D13528FF7D73009F4267 /* CommonToolbar.swift in Sources */,
				9BE2006228BF19D800866D73 /* EmailAuthViewModel.swift in Sources */,
				9B12F7B728D8393200207003 /* ItemImageCollecteionViewCell.swift in Sources */,
				9B10604928DC346800CB9A60 /* CategoryListViewController.swift in Sources */,
				9B10604828DC346800CB9A60 /* CategoryViewModel.swift in Sources */,
				9B77FE3B28B5B834000CF701 /* Provider.swift in Sources */,
				9B5EF32028B6FE83006D0AB8 /* NetworkProviderImpl.swift in Sources */,
				9B39D14528FFB79F009F4267 /* ChatListViewModel.swift in Sources */,
				9B74AFB12900D7AA00864950 /* PostConst.swift in Sources */,
				9B3B723428E2CCD600A76984 /* PostEndPoint.swift in Sources */,
				9B77FE4528B5FF76000CF701 /* LoginModel.swift in Sources */,
				9B8DB23328ACA03000E14443 /* Blamarket.xcdatamodeld in Sources */,
				9B8DB22928ACA03000E14443 /* AppDelegate.swift in Sources */,
				9BF418372902298C00F35963 /* SearchPostsViewController.swift in Sources */,
				9B77FE4028B5C4BA000CF701 /* UserNetworkEntitiy.swift in Sources */,
				9B6CF9C128AF2918007FC2AD /* RegistViewModel.swift in Sources */,
				9B10604428DC33F900CB9A60 /* DetailWriteFormCellViewModel.swift in Sources */,
				9BE2006A28BF359300866D73 /* UIButton +.swift in Sources */,
				9B77FE3728B5B6E3000CF701 /* HttpMethod.swift in Sources */,
				9B5E43E128D31C850020908F /* PostCell.swift in Sources */,
				9B8DB24B28ACA45000E14443 /* LoginVIewModel.swift in Sources */,
				9B9ADA9C2907CF2600014765 /* SerchRecode.swift in Sources */,
				9B77FE3D28B5BEA5000CF701 /* Sessionable.swift in Sources */,
				9B12F7B528D82A4B00207003 /* RegistItemViewModel.swift in Sources */,
				9B39D15628FFC140009F4267 /* UIImage + .swift in Sources */,
				9B8DB22B28ACA03000E14443 /* SceneDelegate.swift in Sources */,
				9BF4183F290231C700F35963 /* CategorySelectViewModel.swift in Sources */,
				9B2A269F28F6A4150041B96D /* KeychinManager.swift in Sources */,
				9B10604328DC33F900CB9A60 /* DetailWriteFormCell.swift in Sources */,
				9B86776C29110D1800C1F8F6 /* PostDetailViewModel.swift in Sources */,
				9B10603F28DC33AF00CB9A60 /* PriceTextFieldCellViewModel.swift in Sources */,
				9B39D14728FFB7AB009F4267 /* UserInfoViewController.swift in Sources */,
				9BF4183C290231B200F35963 /* CategorySelectViewController.swift in Sources */,
				9B8677622910EECB00C1F8F6 /* FilterPostsViewModel.swift in Sources */,
				9B10603A28DC337200CB9A60 /* TitleTextFieldCell.swift in Sources */,
				9B10603928DC337200CB9A60 /* TitleTextFieldCellViewModel.swift in Sources */,
				9B6B3CE128D069FE00F79D57 /* RegisterModel.swift in Sources */,
				9B12F7B328D82A3C00207003 /* RegistItemViewController.swift in Sources */,
				9B10603E28DC33AF00CB9A60 /* PriceTextFieldCell.swift in Sources */,
				9B725DD628B49C2C002F8BA3 /* LoginViewController.swift in Sources */,
				9B77FE3028B5AF2F000CF701 /* Requestable.swift in Sources */,
				9B39D14928FFB7B7009F4267 /* UserInfoViewModel.swift in Sources */,
				9B77FE3328B5B121000CF701 /* Encodable +.swift in Sources */,
				9BF418392902299900F35963 /* SearchPostsViewModel.swift in Sources */,
				9B6AFBDE28FD372A0024597B /* MainTableViewCell.swift in Sources */,
				9B10604C28DC34FE00CB9A60 /* RegisterItemModel.swift in Sources */,
				9B8677662911080200C1F8F6 /* PostDetailViewController.swift in Sources */,
				9B8677602910EEBE00C1F8F6 /* FilterPostsViewController.swift in Sources */,
				9B9ADA9A2907CC9D00014765 /* CoreDataStorage.swift in Sources */,
				9B77FE2C28B5AD19000CF701 /* NetworkError.swift in Sources */,
				9B86776E29110D4C00C1F8F6 /* PostDetailModel.swift in Sources */,
				9BAA7186290A1D310052506C /* SearchTableViewCell.swift in Sources */,
				9BE2006828BF261C00866D73 /* UIViewController+.swift in Sources */,
				9B68908628AF13EC001C109E /* PasswordResetViewModel.swift in Sources */,
				9B10605328DC472600CB9A60 /* Reactive + .swift in Sources */,
				9B77FE4228B5F83B000CF701 /* UserEndPoint.swift in Sources */,
				9B5E43DE28D2EE020020908F /* Data+.swift in Sources */,
				9BE2006C28BF4AD000866D73 /* String+.swift in Sources */,
				9B77FE4A28B617A3000CF701 /* MainViewModel.swift in Sources */,
				9B10604E28DC394C00CB9A60 /* Category.swift in Sources */,
			);
			runOnlyForDeploymentPostprocessing = 0;
		};
/* End PBXSourcesBuildPhase section */

/* Begin PBXVariantGroup section */
		9B8DB23628ACA03100E14443 /* LaunchScreen.storyboard */ = {
			isa = PBXVariantGroup;
			children = (
				9B8DB23728ACA03100E14443 /* Base */,
			);
			name = LaunchScreen.storyboard;
			sourceTree = "<group>";
		};
/* End PBXVariantGroup section */

/* Begin XCBuildConfiguration section */
		9B8DB23A28ACA03100E14443 /* Debug */ = {
			isa = XCBuildConfiguration;
			buildSettings = {
				ALWAYS_SEARCH_USER_PATHS = NO;
				CLANG_ANALYZER_NONNULL = YES;
				CLANG_ANALYZER_NUMBER_OBJECT_CONVERSION = YES_AGGRESSIVE;
				CLANG_CXX_LANGUAGE_STANDARD = "gnu++17";
				CLANG_ENABLE_MODULES = YES;
				CLANG_ENABLE_OBJC_ARC = YES;
				CLANG_ENABLE_OBJC_WEAK = YES;
				CLANG_WARN_BLOCK_CAPTURE_AUTORELEASING = YES;
				CLANG_WARN_BOOL_CONVERSION = YES;
				CLANG_WARN_COMMA = YES;
				CLANG_WARN_CONSTANT_CONVERSION = YES;
				CLANG_WARN_DEPRECATED_OBJC_IMPLEMENTATIONS = YES;
				CLANG_WARN_DIRECT_OBJC_ISA_USAGE = YES_ERROR;
				CLANG_WARN_DOCUMENTATION_COMMENTS = YES;
				CLANG_WARN_EMPTY_BODY = YES;
				CLANG_WARN_ENUM_CONVERSION = YES;
				CLANG_WARN_INFINITE_RECURSION = YES;
				CLANG_WARN_INT_CONVERSION = YES;
				CLANG_WARN_NON_LITERAL_NULL_CONVERSION = YES;
				CLANG_WARN_OBJC_IMPLICIT_RETAIN_SELF = YES;
				CLANG_WARN_OBJC_LITERAL_CONVERSION = YES;
				CLANG_WARN_OBJC_ROOT_CLASS = YES_ERROR;
				CLANG_WARN_QUOTED_INCLUDE_IN_FRAMEWORK_HEADER = YES;
				CLANG_WARN_RANGE_LOOP_ANALYSIS = YES;
				CLANG_WARN_STRICT_PROTOTYPES = YES;
				CLANG_WARN_SUSPICIOUS_MOVE = YES;
				CLANG_WARN_UNGUARDED_AVAILABILITY = YES_AGGRESSIVE;
				CLANG_WARN_UNREACHABLE_CODE = YES;
				CLANG_WARN__DUPLICATE_METHOD_MATCH = YES;
				COPY_PHASE_STRIP = NO;
				DEBUG_INFORMATION_FORMAT = dwarf;
				ENABLE_STRICT_OBJC_MSGSEND = YES;
				ENABLE_TESTABILITY = YES;
				GCC_C_LANGUAGE_STANDARD = gnu11;
				GCC_DYNAMIC_NO_PIC = NO;
				GCC_NO_COMMON_BLOCKS = YES;
				GCC_OPTIMIZATION_LEVEL = 0;
				GCC_PREPROCESSOR_DEFINITIONS = (
					"DEBUG=1",
					"$(inherited)",
				);
				GCC_WARN_64_TO_32_BIT_CONVERSION = YES;
				GCC_WARN_ABOUT_RETURN_TYPE = YES_ERROR;
				GCC_WARN_UNDECLARED_SELECTOR = YES;
				GCC_WARN_UNINITIALIZED_AUTOS = YES_AGGRESSIVE;
				GCC_WARN_UNUSED_FUNCTION = YES;
				GCC_WARN_UNUSED_VARIABLE = YES;
				IPHONEOS_DEPLOYMENT_TARGET = 15.5;
				MTL_ENABLE_DEBUG_INFO = INCLUDE_SOURCE;
				MTL_FAST_MATH = YES;
				ONLY_ACTIVE_ARCH = YES;
				SDKROOT = iphoneos;
				SWIFT_ACTIVE_COMPILATION_CONDITIONS = DEBUG;
				SWIFT_OPTIMIZATION_LEVEL = "-Onone";
			};
			name = Debug;
		};
		9B8DB23B28ACA03100E14443 /* Release */ = {
			isa = XCBuildConfiguration;
			buildSettings = {
				ALWAYS_SEARCH_USER_PATHS = NO;
				CLANG_ANALYZER_NONNULL = YES;
				CLANG_ANALYZER_NUMBER_OBJECT_CONVERSION = YES_AGGRESSIVE;
				CLANG_CXX_LANGUAGE_STANDARD = "gnu++17";
				CLANG_ENABLE_MODULES = YES;
				CLANG_ENABLE_OBJC_ARC = YES;
				CLANG_ENABLE_OBJC_WEAK = YES;
				CLANG_WARN_BLOCK_CAPTURE_AUTORELEASING = YES;
				CLANG_WARN_BOOL_CONVERSION = YES;
				CLANG_WARN_COMMA = YES;
				CLANG_WARN_CONSTANT_CONVERSION = YES;
				CLANG_WARN_DEPRECATED_OBJC_IMPLEMENTATIONS = YES;
				CLANG_WARN_DIRECT_OBJC_ISA_USAGE = YES_ERROR;
				CLANG_WARN_DOCUMENTATION_COMMENTS = YES;
				CLANG_WARN_EMPTY_BODY = YES;
				CLANG_WARN_ENUM_CONVERSION = YES;
				CLANG_WARN_INFINITE_RECURSION = YES;
				CLANG_WARN_INT_CONVERSION = YES;
				CLANG_WARN_NON_LITERAL_NULL_CONVERSION = YES;
				CLANG_WARN_OBJC_IMPLICIT_RETAIN_SELF = YES;
				CLANG_WARN_OBJC_LITERAL_CONVERSION = YES;
				CLANG_WARN_OBJC_ROOT_CLASS = YES_ERROR;
				CLANG_WARN_QUOTED_INCLUDE_IN_FRAMEWORK_HEADER = YES;
				CLANG_WARN_RANGE_LOOP_ANALYSIS = YES;
				CLANG_WARN_STRICT_PROTOTYPES = YES;
				CLANG_WARN_SUSPICIOUS_MOVE = YES;
				CLANG_WARN_UNGUARDED_AVAILABILITY = YES_AGGRESSIVE;
				CLANG_WARN_UNREACHABLE_CODE = YES;
				CLANG_WARN__DUPLICATE_METHOD_MATCH = YES;
				COPY_PHASE_STRIP = NO;
				DEBUG_INFORMATION_FORMAT = "dwarf-with-dsym";
				ENABLE_NS_ASSERTIONS = NO;
				ENABLE_STRICT_OBJC_MSGSEND = YES;
				GCC_C_LANGUAGE_STANDARD = gnu11;
				GCC_NO_COMMON_BLOCKS = YES;
				GCC_WARN_64_TO_32_BIT_CONVERSION = YES;
				GCC_WARN_ABOUT_RETURN_TYPE = YES_ERROR;
				GCC_WARN_UNDECLARED_SELECTOR = YES;
				GCC_WARN_UNINITIALIZED_AUTOS = YES_AGGRESSIVE;
				GCC_WARN_UNUSED_FUNCTION = YES;
				GCC_WARN_UNUSED_VARIABLE = YES;
				IPHONEOS_DEPLOYMENT_TARGET = 15.5;
				MTL_ENABLE_DEBUG_INFO = NO;
				MTL_FAST_MATH = YES;
				SDKROOT = iphoneos;
				SWIFT_COMPILATION_MODE = wholemodule;
				SWIFT_OPTIMIZATION_LEVEL = "-O";
				VALIDATE_PRODUCT = YES;
			};
			name = Release;
		};
		9B8DB23D28ACA03100E14443 /* Debug */ = {
			isa = XCBuildConfiguration;
			baseConfigurationReference = 7EDAE8D42BFCC845F142E9F9 /* Pods-Blamarket.debug.xcconfig */;
			buildSettings = {
				ASSETCATALOG_COMPILER_APPICON_NAME = AppIcon;
				ASSETCATALOG_COMPILER_GLOBAL_ACCENT_COLOR_NAME = AccentColor;
				CODE_SIGN_STYLE = Automatic;
				CURRENT_PROJECT_VERSION = 1;
				DEVELOPMENT_TEAM = DR2C4G73MR;
				GENERATE_INFOPLIST_FILE = YES;
				INFOPLIST_FILE = Blamarket/Info.plist;
				INFOPLIST_KEY_NSCameraUsageDescription = test;
				INFOPLIST_KEY_NSPhotoLibraryUsageDescription = test;
				INFOPLIST_KEY_UIApplicationSupportsIndirectInputEvents = YES;
				INFOPLIST_KEY_UILaunchStoryboardName = LaunchScreen;
				INFOPLIST_KEY_UIMainStoryboardFile = "";
				INFOPLIST_KEY_UISupportedInterfaceOrientations_iPad = "UIInterfaceOrientationPortrait UIInterfaceOrientationPortraitUpsideDown UIInterfaceOrientationLandscapeLeft UIInterfaceOrientationLandscapeRight";
				INFOPLIST_KEY_UISupportedInterfaceOrientations_iPhone = "UIInterfaceOrientationPortrait UIInterfaceOrientationLandscapeLeft UIInterfaceOrientationLandscapeRight";
				IPHONEOS_DEPLOYMENT_TARGET = 15.0;
				LD_RUNPATH_SEARCH_PATHS = (
					"$(inherited)",
					"@executable_path/Frameworks",
				);
				MARKETING_VERSION = 1.0;
				PRODUCT_BUNDLE_IDENTIFIER = yangjs.Blamarket;
				PRODUCT_NAME = "$(TARGET_NAME)";
				SWIFT_EMIT_LOC_STRINGS = YES;
				SWIFT_VERSION = 5.0;
				TARGETED_DEVICE_FAMILY = "1,2";
			};
			name = Debug;
		};
		9B8DB23E28ACA03100E14443 /* Release */ = {
			isa = XCBuildConfiguration;
			baseConfigurationReference = BF2D6162959F0CE278F1BCC0 /* Pods-Blamarket.release.xcconfig */;
			buildSettings = {
				ASSETCATALOG_COMPILER_APPICON_NAME = AppIcon;
				ASSETCATALOG_COMPILER_GLOBAL_ACCENT_COLOR_NAME = AccentColor;
				CODE_SIGN_STYLE = Automatic;
				CURRENT_PROJECT_VERSION = 1;
				DEVELOPMENT_TEAM = DR2C4G73MR;
				GENERATE_INFOPLIST_FILE = YES;
				INFOPLIST_FILE = Blamarket/Info.plist;
				INFOPLIST_KEY_NSCameraUsageDescription = test;
				INFOPLIST_KEY_NSPhotoLibraryUsageDescription = test;
				INFOPLIST_KEY_UIApplicationSupportsIndirectInputEvents = YES;
				INFOPLIST_KEY_UILaunchStoryboardName = LaunchScreen;
				INFOPLIST_KEY_UIMainStoryboardFile = "";
				INFOPLIST_KEY_UISupportedInterfaceOrientations_iPad = "UIInterfaceOrientationPortrait UIInterfaceOrientationPortraitUpsideDown UIInterfaceOrientationLandscapeLeft UIInterfaceOrientationLandscapeRight";
				INFOPLIST_KEY_UISupportedInterfaceOrientations_iPhone = "UIInterfaceOrientationPortrait UIInterfaceOrientationLandscapeLeft UIInterfaceOrientationLandscapeRight";
				IPHONEOS_DEPLOYMENT_TARGET = 15.0;
				LD_RUNPATH_SEARCH_PATHS = (
					"$(inherited)",
					"@executable_path/Frameworks",
				);
				MARKETING_VERSION = 1.0;
				PRODUCT_BUNDLE_IDENTIFIER = yangjs.Blamarket;
				PRODUCT_NAME = "$(TARGET_NAME)";
				SWIFT_EMIT_LOC_STRINGS = YES;
				SWIFT_VERSION = 5.0;
				TARGETED_DEVICE_FAMILY = "1,2";
			};
			name = Release;
		};
/* End XCBuildConfiguration section */

/* Begin XCConfigurationList section */
		9B8DB22028ACA03000E14443 /* Build configuration list for PBXProject "Blamarket" */ = {
			isa = XCConfigurationList;
			buildConfigurations = (
				9B8DB23A28ACA03100E14443 /* Debug */,
				9B8DB23B28ACA03100E14443 /* Release */,
			);
			defaultConfigurationIsVisible = 0;
			defaultConfigurationName = Release;
		};
		9B8DB23C28ACA03100E14443 /* Build configuration list for PBXNativeTarget "Blamarket" */ = {
			isa = XCConfigurationList;
			buildConfigurations = (
				9B8DB23D28ACA03100E14443 /* Debug */,
				9B8DB23E28ACA03100E14443 /* Release */,
			);
			defaultConfigurationIsVisible = 0;
			defaultConfigurationName = Release;
		};
/* End XCConfigurationList section */

/* Begin XCVersionGroup section */
		9B8DB23128ACA03000E14443 /* Blamarket.xcdatamodeld */ = {
			isa = XCVersionGroup;
			children = (
				9B8DB23228ACA03000E14443 /* Blamarket.xcdatamodel */,
			);
			currentVersion = 9B8DB23228ACA03000E14443 /* Blamarket.xcdatamodel */;
			path = Blamarket.xcdatamodeld;
			sourceTree = "<group>";
			versionGroupType = wrapper.xcdatamodel;
		};
/* End XCVersionGroup section */
	};
	rootObject = 9B8DB21D28ACA03000E14443 /* Project object */;
}
